
Microsoft Visual Studio Solution File, Format Version 12.00
# Visual Studio Version 16
VisualStudioVersion = 16.0.29123.88
MinimumVisualStudioVersion = 10.0.40219.1
Project("{9A19103F-16F7-4668-BE54-9A1E7A4F7556}") = "Models", "Models\Models.csproj", "{278FC670-92EC-44E3-B64B-FBAAD27A30BB}"
EndProject
Project("{FAE04EC0-301F-11D3-BF4B-00C04F79EFBC}") = "TestForm", "TestForm\TestForm.csproj", "{200F5CEC-E9A4-41C5-938A-00990E665490}"
EndProject
Project("{FAE04EC0-301F-11D3-BF4B-00C04F79EFBC}") = "TestApplication", "TestApplication\TestApplication.csproj", "{7665B3F0-DD1D-4F14-9574-2EDF30FD7E16}"
EndProject
Project("{FAE04EC0-301F-11D3-BF4B-00C04F79EFBC}") = "VegaServerApi", "VegaServerApi\VegaServerApi.csproj", "{79BEE39E-5955-4984-BD98-E5CE3B01E0EF}"
EndProject
Project("{FAE04EC0-301F-11D3-BF4B-00C04F79EFBC}") = "ConsoleAppTest", "ConsoleAppTest\ConsoleAppTest.csproj", "{1094498E-5F7C-43D6-8D7E-B3EEDCB576FA}"
EndProject
Global
	GlobalSection(SolutionConfigurationPlatforms) = preSolution
		Debug|Any CPU = Debug|Any CPU
		Release|Any CPU = Release|Any CPU
	EndGlobalSection
	GlobalSection(ProjectConfigurationPlatforms) = postSolution
		{278FC670-92EC-44E3-B64B-FBAAD27A30BB}.Debug|Any CPU.ActiveCfg = Debug|Any CPU
		{278FC670-92EC-44E3-B64B-FBAAD27A30BB}.Debug|Any CPU.Build.0 = Debug|Any CPU
		{278FC670-92EC-44E3-B64B-FBAAD27A30BB}.Release|Any CPU.ActiveCfg = Release|Any CPU
		{278FC670-92EC-44E3-B64B-FBAAD27A30BB}.Release|Any CPU.Build.0 = Release|Any CPU
		{200F5CEC-E9A4-41C5-938A-00990E665490}.Debug|Any CPU.ActiveCfg = Debug|Any CPU
		{200F5CEC-E9A4-41C5-938A-00990E665490}.Debug|Any CPU.Build.0 = Debug|Any CPU
		{200F5CEC-E9A4-41C5-938A-00990E665490}.Release|Any CPU.ActiveCfg = Release|Any CPU
		{200F5CEC-E9A4-41C5-938A-00990E665490}.Release|Any CPU.Build.0 = Release|Any CPU
		{7665B3F0-DD1D-4F14-9574-2EDF30FD7E16}.Debug|Any CPU.ActiveCfg = Debug|Any CPU
		{7665B3F0-DD1D-4F14-9574-2EDF30FD7E16}.Debug|Any CPU.Build.0 = Debug|Any CPU
		{7665B3F0-DD1D-4F14-9574-2EDF30FD7E16}.Release|Any CPU.ActiveCfg = Release|Any CPU
		{7665B3F0-DD1D-4F14-9574-2EDF30FD7E16}.Release|Any CPU.Build.0 = Release|Any CPU
		{79BEE39E-5955-4984-BD98-E5CE3B01E0EF}.Debug|Any CPU.ActiveCfg = Debug|Any CPU
		{79BEE39E-5955-4984-BD98-E5CE3B01E0EF}.Debug|Any CPU.Build.0 = Debug|Any CPU
		{79BEE39E-5955-4984-BD98-E5CE3B01E0EF}.Release|Any CPU.ActiveCfg = Release|Any CPU
		{79BEE39E-5955-4984-BD98-E5CE3B01E0EF}.Release|Any CPU.Build.0 = Release|Any CPU
		{1094498E-5F7C-43D6-8D7E-B3EEDCB576FA}.Debug|Any CPU.ActiveCfg = Debug|Any CPU
		{1094498E-5F7C-43D6-8D7E-B3EEDCB576FA}.Debug|Any CPU.Build.0 = Debug|Any CPU
		{1094498E-5F7C-43D6-8D7E-B3EEDCB576FA}.Release|Any CPU.ActiveCfg = Release|Any CPU
		{1094498E-5F7C-43D6-8D7E-B3EEDCB576FA}.Release|Any CPU.Build.0 = Release|Any CPU
	EndGlobalSection
	GlobalSection(SolutionProperties) = preSolution
		HideSolutionNode = FALSE
	EndGlobalSection
	GlobalSection(ExtensibilityGlobals) = postSolution
		SolutionGuid = {C6EFD5C7-4422-4361-875B-AC2A14A7F5D3}
	EndGlobalSection
EndGlobal
